
Microsoft Visual Studio Solution File, Format Version 12.00
# Visual Studio Version 17
VisualStudioVersion = 17.0.31903.59
MinimumVisualStudioVersion = 10.0.40219.1
Project("{2150E333-8FDC-42A3-9474-1A3956D46DE8}") = "Jellyfin.Plugin.JellyLinks", "Jellyfin.Plugin.JellyLinks", "{56B5414F-E647-E4CA-9939-CA25454D7BB8}"
EndProject
Project("{FAE04EC0-301F-11D3-BF4B-00C04F79EFBC}") = "JellyLinks", "Jellyfin.Plugin.JellyLinks\JellyLinks.csproj", "{E7B5FC2B-6498-4FCF-9680-5ABBD4A47E11}"
EndProject
Project("{FAE04EC0-301F-11D3-BF4B-00C04F79EFBC}") = "JellyLinks.Tests", "Jellyfin.Plugin.JellyLinks.Tests\JellyLinks.Tests.csproj", "{52CD1268-6075-4A04-8AFE-91C9C378DC2D}"
EndProject
Global
	GlobalSection(SolutionConfigurationPlatforms) = preSolution
		Debug|Any CPU = Debug|Any CPU
		Debug|x64 = Debug|x64
		Debug|x86 = Debug|x86
		Release|Any CPU = Release|Any CPU
		Release|x64 = Release|x64
		Release|x86 = Release|x86
	EndGlobalSection
	GlobalSection(ProjectConfigurationPlatforms) = postSolution
		{E7B5FC2B-6498-4FCF-9680-5ABBD4A47E11}.Debug|Any CPU.ActiveCfg = Debug|Any CPU
		{E7B5FC2B-6498-4FCF-9680-5ABBD4A47E11}.Debug|Any CPU.Build.0 = Debug|Any CPU
		{E7B5FC2B-6498-4FCF-9680-5ABBD4A47E11}.Debug|x64.ActiveCfg = Debug|Any CPU
		{E7B5FC2B-6498-4FCF-9680-5ABBD4A47E11}.Debug|x64.Build.0 = Debug|Any CPU
		{E7B5FC2B-6498-4FCF-9680-5ABBD4A47E11}.Debug|x86.ActiveCfg = Debug|Any CPU
		{E7B5FC2B-6498-4FCF-9680-5ABBD4A47E11}.Debug|x86.Build.0 = Debug|Any CPU
		{E7B5FC2B-6498-4FCF-9680-5ABBD4A47E11}.Release|Any CPU.ActiveCfg = Release|Any CPU
		{E7B5FC2B-6498-4FCF-9680-5ABBD4A47E11}.Release|Any CPU.Build.0 = Release|Any CPU
		{E7B5FC2B-6498-4FCF-9680-5ABBD4A47E11}.Release|x64.ActiveCfg = Release|Any CPU
		{E7B5FC2B-6498-4FCF-9680-5ABBD4A47E11}.Release|x64.Build.0 = Release|Any CPU
		{E7B5FC2B-6498-4FCF-9680-5ABBD4A47E11}.Release|x86.ActiveCfg = Release|Any CPU
		{E7B5FC2B-6498-4FCF-9680-5ABBD4A47E11}.Release|x86.Build.0 = Release|Any CPU
		{52CD1268-6075-4A04-8AFE-91C9C378DC2D}.Debug|Any CPU.ActiveCfg = Debug|Any CPU
		{52CD1268-6075-4A04-8AFE-91C9C378DC2D}.Debug|Any CPU.Build.0 = Debug|Any CPU
		{52CD1268-6075-4A04-8AFE-91C9C378DC2D}.Debug|x64.ActiveCfg = Debug|Any CPU
		{52CD1268-6075-4A04-8AFE-91C9C378DC2D}.Debug|x64.Build.0 = Debug|Any CPU
		{52CD1268-6075-4A04-8AFE-91C9C378DC2D}.Debug|x86.ActiveCfg = Debug|Any CPU
		{52CD1268-6075-4A04-8AFE-91C9C378DC2D}.Debug|x86.Build.0 = Debug|Any CPU
		{52CD1268-6075-4A04-8AFE-91C9C378DC2D}.Release|Any CPU.ActiveCfg = Release|Any CPU
		{52CD1268-6075-4A04-8AFE-91C9C378DC2D}.Release|Any CPU.Build.0 = Release|Any CPU
		{52CD1268-6075-4A04-8AFE-91C9C378DC2D}.Release|x64.ActiveCfg = Release|Any CPU
		{52CD1268-6075-4A04-8AFE-91C9C378DC2D}.Release|x64.Build.0 = Release|Any CPU
		{52CD1268-6075-4A04-8AFE-91C9C378DC2D}.Release|x86.ActiveCfg = Release|Any CPU
		{52CD1268-6075-4A04-8AFE-91C9C378DC2D}.Release|x86.Build.0 = Release|Any CPU
	EndGlobalSection
	GlobalSection(SolutionProperties) = preSolution
		HideSolutionNode = FALSE
	EndGlobalSection
	GlobalSection(NestedProjects) = preSolution
		{E7B5FC2B-6498-4FCF-9680-5ABBD4A47E11} = {56B5414F-E647-E4CA-9939-CA25454D7BB8}
		{52CD1268-6075-4A04-8AFE-91C9C378DC2D} = {56B5414F-E647-E4CA-9939-CA25454D7BB8}
	EndGlobalSection
EndGlobal
